// !$*UTF8*$!
{
	archiveVersion = 1;
	classes = {
	};
	objectVersion = 46;
	objects = {

/* Begin PBXBuildFile section */
		27DC47212FC641F4FDB0140E /* Pods_SomeCrazyStuffUITests.framework in Frameworks */ = {isa = PBXBuildFile; fileRef = 14DFBCA26CE9814A16E4A171 /* Pods_SomeCrazyStuffUITests.framework */; };
		3C45A17CCB08C4EE8FFC0FDC /* Pods_SomeCrazyStuff.framework in Frameworks */ = {isa = PBXBuildFile; fileRef = DA7B566AC1999C14CA8D596E /* Pods_SomeCrazyStuff.framework */; };
		86329CAC1DE0C8C80057FB21 /* AppDelegate.swift in Sources */ = {isa = PBXBuildFile; fileRef = 86329CAB1DE0C8C80057FB21 /* AppDelegate.swift */; };
		86329CAE1DE0C8C80057FB21 /* AuthenticationVC.swift in Sources */ = {isa = PBXBuildFile; fileRef = 86329CAD1DE0C8C80057FB21 /* AuthenticationVC.swift */; };
		86329CB11DE0C8C80057FB21 /* Main.storyboard in Resources */ = {isa = PBXBuildFile; fileRef = 86329CAF1DE0C8C80057FB21 /* Main.storyboard */; };
		86329CB31DE0C8C80057FB21 /* Assets.xcassets in Resources */ = {isa = PBXBuildFile; fileRef = 86329CB21DE0C8C80057FB21 /* Assets.xcassets */; };
		86329CB61DE0C8C80057FB21 /* LaunchScreen.storyboard in Resources */ = {isa = PBXBuildFile; fileRef = 86329CB41DE0C8C80057FB21 /* LaunchScreen.storyboard */; };
		86329CC11DE0C8C80057FB21 /* SomeCrazyStuffTests.swift in Sources */ = {isa = PBXBuildFile; fileRef = 86329CC01DE0C8C80057FB21 /* SomeCrazyStuffTests.swift */; };
		86329CCC1DE0C8C80057FB21 /* SomeCrazyStuffUITests.swift in Sources */ = {isa = PBXBuildFile; fileRef = 86329CCB1DE0C8C80057FB21 /* SomeCrazyStuffUITests.swift */; };
		865C58981DE0E2E300747DA5 /* TextFieldEffects.framework in Frameworks */ = {isa = PBXBuildFile; fileRef = 865C58971DE0E2E300747DA5 /* TextFieldEffects.framework */; };
		865C589A1DE0E3BF00747DA5 /* LoginProcess.swift in Sources */ = {isa = PBXBuildFile; fileRef = 865C58991DE0E3BF00747DA5 /* LoginProcess.swift */; };
		865C589F1DE0EA2C00747DA5 /* HackathonViewController.swift in Sources */ = {isa = PBXBuildFile; fileRef = 865C589E1DE0EA2C00747DA5 /* HackathonViewController.swift */; };
		865C58A21DE0EAB700747DA5 /* FlowLayout.swift in Sources */ = {isa = PBXBuildFile; fileRef = 865C58A11DE0EAB700747DA5 /* FlowLayout.swift */; };
		865C58A41DE0EB0000747DA5 /* CustomCollectionViewCell.swift in Sources */ = {isa = PBXBuildFile; fileRef = 865C58A31DE0EB0000747DA5 /* CustomCollectionViewCell.swift */; };
		86AAF9631DE1350600E047C5 /* SwiftHTTP.framework in Frameworks */ = {isa = PBXBuildFile; fileRef = 86AAF9621DE1350600E047C5 /* SwiftHTTP.framework */; };
		86B06F021DE136E20059E0DE /* Alamofire.framework in Frameworks */ = {isa = PBXBuildFile; fileRef = 86B06F011DE136E20059E0DE /* Alamofire.framework */; };
		86BA13261DE0F63500851900 /* SwiftyJSON.framework in Frameworks */ = {isa = PBXBuildFile; fileRef = 86BA13251DE0F63500851900 /* SwiftyJSON.framework */; };
		86BA13291DE0FD2000851900 /* HKDetailViewController.swift in Sources */ = {isa = PBXBuildFile; fileRef = 86BA13281DE0FD2000851900 /* HKDetailViewController.swift */; };
		86BA132B1DE1053E00851900 /* PopupDialog.framework in Frameworks */ = {isa = PBXBuildFile; fileRef = 86BA132A1DE1053E00851900 /* PopupDialog.framework */; };
		F56D3898B129EF9AA0683AE8 /* Pods_SomeCrazyStuffTests.framework in Frameworks */ = {isa = PBXBuildFile; fileRef = BC6FB74B29D63A4FD0F18261 /* Pods_SomeCrazyStuffTests.framework */; };
/* End PBXBuildFile section */

/* Begin PBXContainerItemProxy section */
		86329CBD1DE0C8C80057FB21 /* PBXContainerItemProxy */ = {
			isa = PBXContainerItemProxy;
			containerPortal = 86329CA01DE0C8C80057FB21 /* Project object */;
			proxyType = 1;
			remoteGlobalIDString = 86329CA71DE0C8C80057FB21;
			remoteInfo = SomeCrazyStuff;
		};
		86329CC81DE0C8C80057FB21 /* PBXContainerItemProxy */ = {
			isa = PBXContainerItemProxy;
			containerPortal = 86329CA01DE0C8C80057FB21 /* Project object */;
			proxyType = 1;
			remoteGlobalIDString = 86329CA71DE0C8C80057FB21;
			remoteInfo = SomeCrazyStuff;
		};
/* End PBXContainerItemProxy section */

/* Begin PBXCopyFilesBuildPhase section */
		86C965D41DE0E12C0026F44F /* Embed Frameworks */ = {
			isa = PBXCopyFilesBuildPhase;
			buildActionMask = 2147483647;
			dstPath = "";
			dstSubfolderSpec = 10;
			files = (
			);
			name = "Embed Frameworks";
			runOnlyForDeploymentPostprocessing = 0;
		};
/* End PBXCopyFilesBuildPhase section */

/* Begin PBXFileReference section */
		0032BA624C1808FD425019FB /* Pods-SomeCrazyStuffTests.debug.xcconfig */ = {isa = PBXFileReference; includeInIndex = 1; lastKnownFileType = text.xcconfig; name = "Pods-SomeCrazyStuffTests.debug.xcconfig"; path = "Pods/Target Support Files/Pods-SomeCrazyStuffTests/Pods-SomeCrazyStuffTests.debug.xcconfig"; sourceTree = "<group>"; };
		14DFBCA26CE9814A16E4A171 /* Pods_SomeCrazyStuffUITests.framework */ = {isa = PBXFileReference; explicitFileType = wrapper.framework; includeInIndex = 0; path = Pods_SomeCrazyStuffUITests.framework; sourceTree = BUILT_PRODUCTS_DIR; };
		78EE4D4B8160979B43F2D352 /* Pods-SomeCrazyStuff.release.xcconfig */ = {isa = PBXFileReference; includeInIndex = 1; lastKnownFileType = text.xcconfig; name = "Pods-SomeCrazyStuff.release.xcconfig"; path = "Pods/Target Support Files/Pods-SomeCrazyStuff/Pods-SomeCrazyStuff.release.xcconfig"; sourceTree = "<group>"; };
		86329CA81DE0C8C80057FB21 /* SomeCrazyStuff.app */ = {isa = PBXFileReference; explicitFileType = wrapper.application; includeInIndex = 0; path = SomeCrazyStuff.app; sourceTree = BUILT_PRODUCTS_DIR; };
		86329CAB1DE0C8C80057FB21 /* AppDelegate.swift */ = {isa = PBXFileReference; lastKnownFileType = sourcecode.swift; path = AppDelegate.swift; sourceTree = "<group>"; };
		86329CAD1DE0C8C80057FB21 /* AuthenticationVC.swift */ = {isa = PBXFileReference; lastKnownFileType = sourcecode.swift; path = AuthenticationVC.swift; sourceTree = "<group>"; };
		86329CB01DE0C8C80057FB21 /* Base */ = {isa = PBXFileReference; lastKnownFileType = file.storyboard; name = Base; path = Base.lproj/Main.storyboard; sourceTree = "<group>"; };
		86329CB21DE0C8C80057FB21 /* Assets.xcassets */ = {isa = PBXFileReference; lastKnownFileType = folder.assetcatalog; path = Assets.xcassets; sourceTree = "<group>"; };
		86329CB51DE0C8C80057FB21 /* Base */ = {isa = PBXFileReference; lastKnownFileType = file.storyboard; name = Base; path = Base.lproj/LaunchScreen.storyboard; sourceTree = "<group>"; };
		86329CB71DE0C8C80057FB21 /* Info.plist */ = {isa = PBXFileReference; lastKnownFileType = text.plist.xml; path = Info.plist; sourceTree = "<group>"; };
		86329CBC1DE0C8C80057FB21 /* SomeCrazyStuffTests.xctest */ = {isa = PBXFileReference; explicitFileType = wrapper.cfbundle; includeInIndex = 0; path = SomeCrazyStuffTests.xctest; sourceTree = BUILT_PRODUCTS_DIR; };
		86329CC01DE0C8C80057FB21 /* SomeCrazyStuffTests.swift */ = {isa = PBXFileReference; lastKnownFileType = sourcecode.swift; path = SomeCrazyStuffTests.swift; sourceTree = "<group>"; };
		86329CC21DE0C8C80057FB21 /* Info.plist */ = {isa = PBXFileReference; lastKnownFileType = text.plist.xml; path = Info.plist; sourceTree = "<group>"; };
		86329CC71DE0C8C80057FB21 /* SomeCrazyStuffUITests.xctest */ = {isa = PBXFileReference; explicitFileType = wrapper.cfbundle; includeInIndex = 0; path = SomeCrazyStuffUITests.xctest; sourceTree = BUILT_PRODUCTS_DIR; };
		86329CCB1DE0C8C80057FB21 /* SomeCrazyStuffUITests.swift */ = {isa = PBXFileReference; lastKnownFileType = sourcecode.swift; path = SomeCrazyStuffUITests.swift; sourceTree = "<group>"; };
		86329CCD1DE0C8C80057FB21 /* Info.plist */ = {isa = PBXFileReference; lastKnownFileType = text.plist.xml; path = Info.plist; sourceTree = "<group>"; };
		865C58971DE0E2E300747DA5 /* TextFieldEffects.framework */ = {isa = PBXFileReference; lastKnownFileType = wrapper.framework; name = TextFieldEffects.framework; path = "../../Library/Developer/Xcode/DerivedData/SomeCrazyStuff-ftrznddmdoipuqbbcbkvjtqdldmm/Build/Products/Debug-iphonesimulator/TextFieldEffects/TextFieldEffects.framework"; sourceTree = "<group>"; };
		865C58991DE0E3BF00747DA5 /* LoginProcess.swift */ = {isa = PBXFileReference; fileEncoding = 4; lastKnownFileType = sourcecode.swift; path = LoginProcess.swift; sourceTree = "<group>"; };
		865C589E1DE0EA2C00747DA5 /* HackathonViewController.swift */ = {isa = PBXFileReference; fileEncoding = 4; lastKnownFileType = sourcecode.swift; path = HackathonViewController.swift; sourceTree = "<group>"; };
		865C58A11DE0EAB700747DA5 /* FlowLayout.swift */ = {isa = PBXFileReference; fileEncoding = 4; lastKnownFileType = sourcecode.swift; path = FlowLayout.swift; sourceTree = "<group>"; };
		865C58A31DE0EB0000747DA5 /* CustomCollectionViewCell.swift */ = {isa = PBXFileReference; fileEncoding = 4; lastKnownFileType = sourcecode.swift; path = CustomCollectionViewCell.swift; sourceTree = "<group>"; };
		86AAF9621DE1350600E047C5 /* SwiftHTTP.framework */ = {isa = PBXFileReference; lastKnownFileType = wrapper.framework; name = SwiftHTTP.framework; path = "Pods/../build/Debug-iphoneos/SwiftHTTP/SwiftHTTP.framework"; sourceTree = "<group>"; };
		86B06F011DE136E20059E0DE /* Alamofire.framework */ = {isa = PBXFileReference; lastKnownFileType = wrapper.framework; name = Alamofire.framework; path = "Pods/../build/Debug-iphoneos/Alamofire/Alamofire.framework"; sourceTree = "<group>"; };
		86BA13251DE0F63500851900 /* SwiftyJSON.framework */ = {isa = PBXFileReference; lastKnownFileType = wrapper.framework; name = SwiftyJSON.framework; path = "../../Library/Developer/Xcode/DerivedData/SomeCrazyStuff-ftrznddmdoipuqbbcbkvjtqdldmm/Build/Products/Debug-iphonesimulator/SwiftyJSON/SwiftyJSON.framework"; sourceTree = "<group>"; };
		86BA13281DE0FD2000851900 /* HKDetailViewController.swift */ = {isa = PBXFileReference; fileEncoding = 4; lastKnownFileType = sourcecode.swift; path = HKDetailViewController.swift; sourceTree = "<group>"; };
		86BA132A1DE1053E00851900 /* PopupDialog.framework */ = {isa = PBXFileReference; lastKnownFileType = wrapper.framework; name = PopupDialog.framework; path = "../../Library/Developer/Xcode/DerivedData/SomeCrazyStuff-ftrznddmdoipuqbbcbkvjtqdldmm/Build/Products/Debug-iphonesimulator/PopupDialog/PopupDialog.framework"; sourceTree = "<group>"; };
		A4D5C74F3644A445A5266102 /* Pods-SomeCrazyStuff.debug.xcconfig */ = {isa = PBXFileReference; includeInIndex = 1; lastKnownFileType = text.xcconfig; name = "Pods-SomeCrazyStuff.debug.xcconfig"; path = "Pods/Target Support Files/Pods-SomeCrazyStuff/Pods-SomeCrazyStuff.debug.xcconfig"; sourceTree = "<group>"; };
		A57E36BE9E90A99B4F4E9E00 /* Pods-SomeCrazyStuffUITests.debug.xcconfig */ = {isa = PBXFileReference; includeInIndex = 1; lastKnownFileType = text.xcconfig; name = "Pods-SomeCrazyStuffUITests.debug.xcconfig"; path = "Pods/Target Support Files/Pods-SomeCrazyStuffUITests/Pods-SomeCrazyStuffUITests.debug.xcconfig"; sourceTree = "<group>"; };
		AAD1CF26FAC2418260D48A05 /* Pods-SomeCrazyStuffUITests.release.xcconfig */ = {isa = PBXFileReference; includeInIndex = 1; lastKnownFileType = text.xcconfig; name = "Pods-SomeCrazyStuffUITests.release.xcconfig"; path = "Pods/Target Support Files/Pods-SomeCrazyStuffUITests/Pods-SomeCrazyStuffUITests.release.xcconfig"; sourceTree = "<group>"; };
		BC6FB74B29D63A4FD0F18261 /* Pods_SomeCrazyStuffTests.framework */ = {isa = PBXFileReference; explicitFileType = wrapper.framework; includeInIndex = 0; path = Pods_SomeCrazyStuffTests.framework; sourceTree = BUILT_PRODUCTS_DIR; };
		DA7B566AC1999C14CA8D596E /* Pods_SomeCrazyStuff.framework */ = {isa = PBXFileReference; explicitFileType = wrapper.framework; includeInIndex = 0; path = Pods_SomeCrazyStuff.framework; sourceTree = BUILT_PRODUCTS_DIR; };
		ED9DA5DC22A064CBB9812A06 /* Pods-SomeCrazyStuffTests.release.xcconfig */ = {isa = PBXFileReference; includeInIndex = 1; lastKnownFileType = text.xcconfig; name = "Pods-SomeCrazyStuffTests.release.xcconfig"; path = "Pods/Target Support Files/Pods-SomeCrazyStuffTests/Pods-SomeCrazyStuffTests.release.xcconfig"; sourceTree = "<group>"; };
/* End PBXFileReference section */

/* Begin PBXFrameworksBuildPhase section */
		86329CA51DE0C8C80057FB21 /* Frameworks */ = {
			isa = PBXFrameworksBuildPhase;
			buildActionMask = 2147483647;
			files = (
				86B06F021DE136E20059E0DE /* Alamofire.framework in Frameworks */,
				86AAF9631DE1350600E047C5 /* SwiftHTTP.framework in Frameworks */,
				86BA132B1DE1053E00851900 /* PopupDialog.framework in Frameworks */,
				86BA13261DE0F63500851900 /* SwiftyJSON.framework in Frameworks */,
				865C58981DE0E2E300747DA5 /* TextFieldEffects.framework in Frameworks */,
				3C45A17CCB08C4EE8FFC0FDC /* Pods_SomeCrazyStuff.framework in Frameworks */,
			);
			runOnlyForDeploymentPostprocessing = 0;
		};
		86329CB91DE0C8C80057FB21 /* Frameworks */ = {
			isa = PBXFrameworksBuildPhase;
			buildActionMask = 2147483647;
			files = (
				F56D3898B129EF9AA0683AE8 /* Pods_SomeCrazyStuffTests.framework in Frameworks */,
			);
			runOnlyForDeploymentPostprocessing = 0;
		};
		86329CC41DE0C8C80057FB21 /* Frameworks */ = {
			isa = PBXFrameworksBuildPhase;
			buildActionMask = 2147483647;
			files = (
				27DC47212FC641F4FDB0140E /* Pods_SomeCrazyStuffUITests.framework in Frameworks */,
			);
			runOnlyForDeploymentPostprocessing = 0;
		};
/* End PBXFrameworksBuildPhase section */

/* Begin PBXGroup section */
		18FA90E8DC6740E1EE53D6D3 /* Frameworks */ = {
			isa = PBXGroup;
			children = (
				86B06F011DE136E20059E0DE /* Alamofire.framework */,
				86AAF9621DE1350600E047C5 /* SwiftHTTP.framework */,
				86BA132A1DE1053E00851900 /* PopupDialog.framework */,
				86BA13251DE0F63500851900 /* SwiftyJSON.framework */,
				865C58971DE0E2E300747DA5 /* TextFieldEffects.framework */,
				DA7B566AC1999C14CA8D596E /* Pods_SomeCrazyStuff.framework */,
				BC6FB74B29D63A4FD0F18261 /* Pods_SomeCrazyStuffTests.framework */,
				14DFBCA26CE9814A16E4A171 /* Pods_SomeCrazyStuffUITests.framework */,
			);
			name = Frameworks;
			sourceTree = "<group>";
		};
		86329C9F1DE0C8C80057FB21 = {
			isa = PBXGroup;
			children = (
				86BA13271DE0FCFC00851900 /* ThirdVC */,
				865C58A01DE0EAAB00747DA5 /* Models */,
				865C589B1DE0E9D700747DA5 /* SecondVC */,
				86329CAA1DE0C8C80057FB21 /* SomeCrazyStuff */,
				86329CBF1DE0C8C80057FB21 /* SomeCrazyStuffTests */,
				86329CCA1DE0C8C80057FB21 /* SomeCrazyStuffUITests */,
				86329CA91DE0C8C80057FB21 /* Products */,
				FD619B9141D58167A0D9F57E /* Pods */,
				18FA90E8DC6740E1EE53D6D3 /* Frameworks */,
			);
			sourceTree = "<group>";
		};
		86329CA91DE0C8C80057FB21 /* Products */ = {
			isa = PBXGroup;
			children = (
				86329CA81DE0C8C80057FB21 /* SomeCrazyStuff.app */,
				86329CBC1DE0C8C80057FB21 /* SomeCrazyStuffTests.xctest */,
				86329CC71DE0C8C80057FB21 /* SomeCrazyStuffUITests.xctest */,
			);
			name = Products;
			sourceTree = "<group>";
		};
		86329CAA1DE0C8C80057FB21 /* SomeCrazyStuff */ = {
			isa = PBXGroup;
			children = (
				86329CAB1DE0C8C80057FB21 /* AppDelegate.swift */,
				86329CAD1DE0C8C80057FB21 /* AuthenticationVC.swift */,
				865C58991DE0E3BF00747DA5 /* LoginProcess.swift */,
				86329CAF1DE0C8C80057FB21 /* Main.storyboard */,
				86329CB21DE0C8C80057FB21 /* Assets.xcassets */,
				86329CB41DE0C8C80057FB21 /* LaunchScreen.storyboard */,
				86329CB71DE0C8C80057FB21 /* Info.plist */,
			);
			path = SomeCrazyStuff;
			sourceTree = "<group>";
		};
		86329CBF1DE0C8C80057FB21 /* SomeCrazyStuffTests */ = {
			isa = PBXGroup;
			children = (
				86329CC01DE0C8C80057FB21 /* SomeCrazyStuffTests.swift */,
				86329CC21DE0C8C80057FB21 /* Info.plist */,
			);
			path = SomeCrazyStuffTests;
			sourceTree = "<group>";
		};
		86329CCA1DE0C8C80057FB21 /* SomeCrazyStuffUITests */ = {
			isa = PBXGroup;
			children = (
				86329CCB1DE0C8C80057FB21 /* SomeCrazyStuffUITests.swift */,
				86329CCD1DE0C8C80057FB21 /* Info.plist */,
			);
			path = SomeCrazyStuffUITests;
			sourceTree = "<group>";
		};
		865C589B1DE0E9D700747DA5 /* SecondVC */ = {
			isa = PBXGroup;
			children = (
				865C58A31DE0EB0000747DA5 /* CustomCollectionViewCell.swift */,
				865C589E1DE0EA2C00747DA5 /* HackathonViewController.swift */,
			);
			name = SecondVC;
			path = SomeCrazyStuff;
			sourceTree = "<group>";
		};
		865C58A01DE0EAAB00747DA5 /* Models */ = {
			isa = PBXGroup;
			children = (
				865C58A11DE0EAB700747DA5 /* FlowLayout.swift */,
			);
			name = Models;
			path = SomeCrazyStuff;
			sourceTree = "<group>";
		};
		86BA13271DE0FCFC00851900 /* ThirdVC */ = {
			isa = PBXGroup;
			children = (
				86BA13281DE0FD2000851900 /* HKDetailViewController.swift */,
			);
			name = ThirdVC;
			path = SomeCrazyStuff;
			sourceTree = "<group>";
		};
		FD619B9141D58167A0D9F57E /* Pods */ = {
			isa = PBXGroup;
			children = (
				A4D5C74F3644A445A5266102 /* Pods-SomeCrazyStuff.debug.xcconfig */,
				78EE4D4B8160979B43F2D352 /* Pods-SomeCrazyStuff.release.xcconfig */,
				0032BA624C1808FD425019FB /* Pods-SomeCrazyStuffTests.debug.xcconfig */,
				ED9DA5DC22A064CBB9812A06 /* Pods-SomeCrazyStuffTests.release.xcconfig */,
				A57E36BE9E90A99B4F4E9E00 /* Pods-SomeCrazyStuffUITests.debug.xcconfig */,
				AAD1CF26FAC2418260D48A05 /* Pods-SomeCrazyStuffUITests.release.xcconfig */,
			);
			name = Pods;
			sourceTree = "<group>";
		};
/* End PBXGroup section */

/* Begin PBXNativeTarget section */
		86329CA71DE0C8C80057FB21 /* SomeCrazyStuff */ = {
			isa = PBXNativeTarget;
			buildConfigurationList = 86329CD01DE0C8C80057FB21 /* Build configuration list for PBXNativeTarget "SomeCrazyStuff" */;
			buildPhases = (
				7390F9FAF19C38A4D24FD97C /* [CP] Check Pods Manifest.lock */,
				86329CA41DE0C8C80057FB21 /* Sources */,
				86329CA51DE0C8C80057FB21 /* Frameworks */,
				86329CA61DE0C8C80057FB21 /* Resources */,
				25C6D93A78471AF9E6FB6E66 /* [CP] Embed Pods Frameworks */,
				8475C7663CC1DD7CF8853C75 /* [CP] Copy Pods Resources */,
				86C965D41DE0E12C0026F44F /* Embed Frameworks */,
			);
			buildRules = (
			);
			dependencies = (
			);
			name = SomeCrazyStuff;
			productName = SomeCrazyStuff;
			productReference = 86329CA81DE0C8C80057FB21 /* SomeCrazyStuff.app */;
			productType = "com.apple.product-type.application";
		};
		86329CBB1DE0C8C80057FB21 /* SomeCrazyStuffTests */ = {
			isa = PBXNativeTarget;
			buildConfigurationList = 86329CD31DE0C8C80057FB21 /* Build configuration list for PBXNativeTarget "SomeCrazyStuffTests" */;
			buildPhases = (
				5020981ACC74299C7158D7E6 /* [CP] Check Pods Manifest.lock */,
				86329CB81DE0C8C80057FB21 /* Sources */,
				86329CB91DE0C8C80057FB21 /* Frameworks */,
				86329CBA1DE0C8C80057FB21 /* Resources */,
				E68DD80F61FD617224178C00 /* [CP] Embed Pods Frameworks */,
				04B13B07685DDE752C31772A /* [CP] Copy Pods Resources */,
			);
			buildRules = (
			);
			dependencies = (
				86329CBE1DE0C8C80057FB21 /* PBXTargetDependency */,
			);
			name = SomeCrazyStuffTests;
			productName = SomeCrazyStuffTests;
			productReference = 86329CBC1DE0C8C80057FB21 /* SomeCrazyStuffTests.xctest */;
			productType = "com.apple.product-type.bundle.unit-test";
		};
		86329CC61DE0C8C80057FB21 /* SomeCrazyStuffUITests */ = {
			isa = PBXNativeTarget;
			buildConfigurationList = 86329CD61DE0C8C80057FB21 /* Build configuration list for PBXNativeTarget "SomeCrazyStuffUITests" */;
			buildPhases = (
				9BC81A6BADE9126B8CF08215 /* [CP] Check Pods Manifest.lock */,
				86329CC31DE0C8C80057FB21 /* Sources */,
				86329CC41DE0C8C80057FB21 /* Frameworks */,
				86329CC51DE0C8C80057FB21 /* Resources */,
				42D4DCE3ACB976D6F46F5DF7 /* [CP] Embed Pods Frameworks */,
				A8240DE0256BC419F34B4FA1 /* [CP] Copy Pods Resources */,
			);
			buildRules = (
			);
			dependencies = (
				86329CC91DE0C8C80057FB21 /* PBXTargetDependency */,
			);
			name = SomeCrazyStuffUITests;
			productName = SomeCrazyStuffUITests;
			productReference = 86329CC71DE0C8C80057FB21 /* SomeCrazyStuffUITests.xctest */;
			productType = "com.apple.product-type.bundle.ui-testing";
		};
/* End PBXNativeTarget section */

/* Begin PBXProject section */
		86329CA01DE0C8C80057FB21 /* Project object */ = {
			isa = PBXProject;
			attributes = {
				LastSwiftUpdateCheck = 0810;
				LastUpgradeCheck = 0810;
				ORGANIZATIONNAME = "Di Wang";
				TargetAttributes = {
					86329CA71DE0C8C80057FB21 = {
						CreatedOnToolsVersion = 8.1;
						DevelopmentTeam = PGC62Z29HJ;
						ProvisioningStyle = Automatic;
					};
					86329CBB1DE0C8C80057FB21 = {
						CreatedOnToolsVersion = 8.1;
						DevelopmentTeam = PGC62Z29HJ;
						ProvisioningStyle = Automatic;
						TestTargetID = 86329CA71DE0C8C80057FB21;
					};
					86329CC61DE0C8C80057FB21 = {
						CreatedOnToolsVersion = 8.1;
						DevelopmentTeam = PGC62Z29HJ;
						ProvisioningStyle = Automatic;
						TestTargetID = 86329CA71DE0C8C80057FB21;
					};
				};
			};
			buildConfigurationList = 86329CA31DE0C8C80057FB21 /* Build configuration list for PBXProject "SomeCrazyStuff" */;
			compatibilityVersion = "Xcode 3.2";
			developmentRegion = English;
			hasScannedForEncodings = 0;
			knownRegions = (
				en,
				Base,
			);
			mainGroup = 86329C9F1DE0C8C80057FB21;
			productRefGroup = 86329CA91DE0C8C80057FB21 /* Products */;
			projectDirPath = "";
			projectRoot = "";
			targets = (
				86329CA71DE0C8C80057FB21 /* SomeCrazyStuff */,
				86329CBB1DE0C8C80057FB21 /* SomeCrazyStuffTests */,
				86329CC61DE0C8C80057FB21 /* SomeCrazyStuffUITests */,
			);
		};
/* End PBXProject section */

/* Begin PBXResourcesBuildPhase section */
		86329CA61DE0C8C80057FB21 /* Resources */ = {
			isa = PBXResourcesBuildPhase;
			buildActionMask = 2147483647;
			files = (
				86329CB61DE0C8C80057FB21 /* LaunchScreen.storyboard in Resources */,
				86329CB31DE0C8C80057FB21 /* Assets.xcassets in Resources */,
				86329CB11DE0C8C80057FB21 /* Main.storyboard in Resources */,
			);
			runOnlyForDeploymentPostprocessing = 0;
		};
		86329CBA1DE0C8C80057FB21 /* Resources */ = {
			isa = PBXResourcesBuildPhase;
			buildActionMask = 2147483647;
			files = (
			);
			runOnlyForDeploymentPostprocessing = 0;
		};
		86329CC51DE0C8C80057FB21 /* Resources */ = {
			isa = PBXResourcesBuildPhase;
			buildActionMask = 2147483647;
			files = (
			);
			runOnlyForDeploymentPostprocessing = 0;
		};
/* End PBXResourcesBuildPhase section */

/* Begin PBXShellScriptBuildPhase section */
		04B13B07685DDE752C31772A /* [CP] Copy Pods Resources */ = {
			isa = PBXShellScriptBuildPhase;
			buildActionMask = 2147483647;
			files = (
			);
			inputPaths = (
			);
			name = "[CP] Copy Pods Resources";
			outputPaths = (
			);
			runOnlyForDeploymentPostprocessing = 0;
			shellPath = /bin/sh;
			shellScript = "\"${SRCROOT}/Pods/Target Support Files/Pods-SomeCrazyStuffTests/Pods-SomeCrazyStuffTests-resources.sh\"\n";
			showEnvVarsInLog = 0;
		};
		25C6D93A78471AF9E6FB6E66 /* [CP] Embed Pods Frameworks */ = {
			isa = PBXShellScriptBuildPhase;
			buildActionMask = 2147483647;
			files = (
			);
			inputPaths = (
			);
			name = "[CP] Embed Pods Frameworks";
			outputPaths = (
			);
			runOnlyForDeploymentPostprocessing = 0;
			shellPath = /bin/sh;
			shellScript = "\"${SRCROOT}/Pods/Target Support Files/Pods-SomeCrazyStuff/Pods-SomeCrazyStuff-frameworks.sh\"\n";
			showEnvVarsInLog = 0;
		};
		42D4DCE3ACB976D6F46F5DF7 /* [CP] Embed Pods Frameworks */ = {
			isa = PBXShellScriptBuildPhase;
			buildActionMask = 2147483647;
			files = (
			);
			inputPaths = (
			);
			name = "[CP] Embed Pods Frameworks";
			outputPaths = (
			);
			runOnlyForDeploymentPostprocessing = 0;
			shellPath = /bin/sh;
			shellScript = "\"${SRCROOT}/Pods/Target Support Files/Pods-SomeCrazyStuffUITests/Pods-SomeCrazyStuffUITests-frameworks.sh\"\n";
			showEnvVarsInLog = 0;
		};
		5020981ACC74299C7158D7E6 /* [CP] Check Pods Manifest.lock */ = {
			isa = PBXShellScriptBuildPhase;
			buildActionMask = 2147483647;
			files = (
			);
			inputPaths = (
			);
			name = "[CP] Check Pods Manifest.lock";
			outputPaths = (
			);
			runOnlyForDeploymentPostprocessing = 0;
			shellPath = /bin/sh;
			shellScript = "diff \"${PODS_ROOT}/../Podfile.lock\" \"${PODS_ROOT}/Manifest.lock\" > /dev/null\nif [ $? != 0 ] ; then\n    # print error to STDERR\n    echo \"error: The sandbox is not in sync with the Podfile.lock. Run 'pod install' or update your CocoaPods installation.\" >&2\n    exit 1\nfi\n";
			showEnvVarsInLog = 0;
		};
		7390F9FAF19C38A4D24FD97C /* [CP] Check Pods Manifest.lock */ = {
			isa = PBXShellScriptBuildPhase;
			buildActionMask = 2147483647;
			files = (
			);
			inputPaths = (
			);
			name = "[CP] Check Pods Manifest.lock";
			outputPaths = (
			);
			runOnlyForDeploymentPostprocessing = 0;
			shellPath = /bin/sh;
			shellScript = "diff \"${PODS_ROOT}/../Podfile.lock\" \"${PODS_ROOT}/Manifest.lock\" > /dev/null\nif [ $? != 0 ] ; then\n    # print error to STDERR\n    echo \"error: The sandbox is not in sync with the Podfile.lock. Run 'pod install' or update your CocoaPods installation.\" >&2\n    exit 1\nfi\n";
			showEnvVarsInLog = 0;
		};
		8475C7663CC1DD7CF8853C75 /* [CP] Copy Pods Resources */ = {
			isa = PBXShellScriptBuildPhase;
			buildActionMask = 2147483647;
			files = (
			);
			inputPaths = (
			);
			name = "[CP] Copy Pods Resources";
			outputPaths = (
			);
			runOnlyForDeploymentPostprocessing = 0;
			shellPath = /bin/sh;
			shellScript = "\"${SRCROOT}/Pods/Target Support Files/Pods-SomeCrazyStuff/Pods-SomeCrazyStuff-resources.sh\"\n";
			showEnvVarsInLog = 0;
		};
		9BC81A6BADE9126B8CF08215 /* [CP] Check Pods Manifest.lock */ = {
			isa = PBXShellScriptBuildPhase;
			buildActionMask = 2147483647;
			files = (
			);
			inputPaths = (
			);
			name = "[CP] Check Pods Manifest.lock";
			outputPaths = (
			);
			runOnlyForDeploymentPostprocessing = 0;
			shellPath = /bin/sh;
			shellScript = "diff \"${PODS_ROOT}/../Podfile.lock\" \"${PODS_ROOT}/Manifest.lock\" > /dev/null\nif [ $? != 0 ] ; then\n    # print error to STDERR\n    echo \"error: The sandbox is not in sync with the Podfile.lock. Run 'pod install' or update your CocoaPods installation.\" >&2\n    exit 1\nfi\n";
			showEnvVarsInLog = 0;
		};
		A8240DE0256BC419F34B4FA1 /* [CP] Copy Pods Resources */ = {
			isa = PBXShellScriptBuildPhase;
			buildActionMask = 2147483647;
			files = (
			);
			inputPaths = (
			);
			name = "[CP] Copy Pods Resources";
			outputPaths = (
			);
			runOnlyForDeploymentPostprocessing = 0;
			shellPath = /bin/sh;
			shellScript = "\"${SRCROOT}/Pods/Target Support Files/Pods-SomeCrazyStuffUITests/Pods-SomeCrazyStuffUITests-resources.sh\"\n";
			showEnvVarsInLog = 0;
		};
		E68DD80F61FD617224178C00 /* [CP] Embed Pods Frameworks */ = {
			isa = PBXShellScriptBuildPhase;
			buildActionMask = 2147483647;
			files = (
			);
			inputPaths = (
			);
			name = "[CP] Embed Pods Frameworks";
			outputPaths = (
			);
			runOnlyForDeploymentPostprocessing = 0;
			shellPath = /bin/sh;
			shellScript = "\"${SRCROOT}/Pods/Target Support Files/Pods-SomeCrazyStuffTests/Pods-SomeCrazyStuffTests-frameworks.sh\"\n";
			showEnvVarsInLog = 0;
		};
/* End PBXShellScriptBuildPhase section */

/* Begin PBXSourcesBuildPhase section */
		86329CA41DE0C8C80057FB21 /* Sources */ = {
			isa = PBXSourcesBuildPhase;
			buildActionMask = 2147483647;
			files = (
				865C589F1DE0EA2C00747DA5 /* HackathonViewController.swift in Sources */,
				86BA13291DE0FD2000851900 /* HKDetailViewController.swift in Sources */,
				865C58A41DE0EB0000747DA5 /* CustomCollectionViewCell.swift in Sources */,
				86329CAE1DE0C8C80057FB21 /* AuthenticationVC.swift in Sources */,
				865C58A21DE0EAB700747DA5 /* FlowLayout.swift in Sources */,
				86329CAC1DE0C8C80057FB21 /* AppDelegate.swift in Sources */,
				865C589A1DE0E3BF00747DA5 /* LoginProcess.swift in Sources */,
			);
			runOnlyForDeploymentPostprocessing = 0;
		};
		86329CB81DE0C8C80057FB21 /* Sources */ = {
			isa = PBXSourcesBuildPhase;
			buildActionMask = 2147483647;
			files = (
				86329CC11DE0C8C80057FB21 /* SomeCrazyStuffTests.swift in Sources */,
			);
			runOnlyForDeploymentPostprocessing = 0;
		};
		86329CC31DE0C8C80057FB21 /* Sources */ = {
			isa = PBXSourcesBuildPhase;
			buildActionMask = 2147483647;
			files = (
				86329CCC1DE0C8C80057FB21 /* SomeCrazyStuffUITests.swift in Sources */,
			);
			runOnlyForDeploymentPostprocessing = 0;
		};
/* End PBXSourcesBuildPhase section */

/* Begin PBXTargetDependency section */
		86329CBE1DE0C8C80057FB21 /* PBXTargetDependency */ = {
			isa = PBXTargetDependency;
			target = 86329CA71DE0C8C80057FB21 /* SomeCrazyStuff */;
			targetProxy = 86329CBD1DE0C8C80057FB21 /* PBXContainerItemProxy */;
		};
		86329CC91DE0C8C80057FB21 /* PBXTargetDependency */ = {
			isa = PBXTargetDependency;
			target = 86329CA71DE0C8C80057FB21 /* SomeCrazyStuff */;
			targetProxy = 86329CC81DE0C8C80057FB21 /* PBXContainerItemProxy */;
		};
/* End PBXTargetDependency section */

/* Begin PBXVariantGroup section */
		86329CAF1DE0C8C80057FB21 /* Main.storyboard */ = {
			isa = PBXVariantGroup;
			children = (
				86329CB01DE0C8C80057FB21 /* Base */,
			);
			name = Main.storyboard;
			sourceTree = "<group>";
		};
		86329CB41DE0C8C80057FB21 /* LaunchScreen.storyboard */ = {
			isa = PBXVariantGroup;
			children = (
				86329CB51DE0C8C80057FB21 /* Base */,
			);
			name = LaunchScreen.storyboard;
			sourceTree = "<group>";
		};
/* End PBXVariantGroup section */

/* Begin XCBuildConfiguration section */
		86329CCE1DE0C8C80057FB21 /* Debug */ = {
			isa = XCBuildConfiguration;
			buildSettings = {
				ALWAYS_SEARCH_USER_PATHS = NO;
				CLANG_ANALYZER_NONNULL = YES;
				CLANG_CXX_LANGUAGE_STANDARD = "gnu++0x";
				CLANG_CXX_LIBRARY = "libc++";
				CLANG_ENABLE_MODULES = YES;
				CLANG_ENABLE_OBJC_ARC = YES;
				CLANG_WARN_BOOL_CONVERSION = YES;
				CLANG_WARN_CONSTANT_CONVERSION = YES;
				CLANG_WARN_DIRECT_OBJC_ISA_USAGE = YES_ERROR;
				CLANG_WARN_DOCUMENTATION_COMMENTS = YES;
				CLANG_WARN_EMPTY_BODY = YES;
				CLANG_WARN_ENUM_CONVERSION = YES;
				CLANG_WARN_INFINITE_RECURSION = YES;
				CLANG_WARN_INT_CONVERSION = YES;
				CLANG_WARN_OBJC_ROOT_CLASS = YES_ERROR;
				CLANG_WARN_SUSPICIOUS_MOVES = YES;
				CLANG_WARN_UNREACHABLE_CODE = YES;
				CLANG_WARN__DUPLICATE_METHOD_MATCH = YES;
				"CODE_SIGN_IDENTITY[sdk=iphoneos*]" = "iPhone Developer";
				COPY_PHASE_STRIP = NO;
				DEBUG_INFORMATION_FORMAT = dwarf;
				ENABLE_STRICT_OBJC_MSGSEND = YES;
				ENABLE_TESTABILITY = YES;
				GCC_C_LANGUAGE_STANDARD = gnu99;
				GCC_DYNAMIC_NO_PIC = NO;
				GCC_NO_COMMON_BLOCKS = YES;
				GCC_OPTIMIZATION_LEVEL = 0;
				GCC_PREPROCESSOR_DEFINITIONS = (
					"DEBUG=1",
					"$(inherited)",
				);
				GCC_WARN_64_TO_32_BIT_CONVERSION = YES;
				GCC_WARN_ABOUT_RETURN_TYPE = YES_ERROR;
				GCC_WARN_UNDECLARED_SELECTOR = YES;
				GCC_WARN_UNINITIALIZED_AUTOS = YES_AGGRESSIVE;
				GCC_WARN_UNUSED_FUNCTION = YES;
				GCC_WARN_UNUSED_VARIABLE = YES;
				IPHONEOS_DEPLOYMENT_TARGET = 10.1;
				MTL_ENABLE_DEBUG_INFO = YES;
				ONLY_ACTIVE_ARCH = YES;
				SDKROOT = iphoneos;
				SWIFT_ACTIVE_COMPILATION_CONDITIONS = DEBUG;
				SWIFT_OPTIMIZATION_LEVEL = "-Onone";
				TARGETED_DEVICE_FAMILY = "1,2";
			};
			name = Debug;
		};
		86329CCF1DE0C8C80057FB21 /* Release */ = {
			isa = XCBuildConfiguration;
			buildSettings = {
				ALWAYS_SEARCH_USER_PATHS = NO;
				CLANG_ANALYZER_NONNULL = YES;
				CLANG_CXX_LANGUAGE_STANDARD = "gnu++0x";
				CLANG_CXX_LIBRARY = "libc++";
				CLANG_ENABLE_MODULES = YES;
				CLANG_ENABLE_OBJC_ARC = YES;
				CLANG_WARN_BOOL_CONVERSION = YES;
				CLANG_WARN_CONSTANT_CONVERSION = YES;
				CLANG_WARN_DIRECT_OBJC_ISA_USAGE = YES_ERROR;
				CLANG_WARN_DOCUMENTATION_COMMENTS = YES;
				CLANG_WARN_EMPTY_BODY = YES;
				CLANG_WARN_ENUM_CONVERSION = YES;
				CLANG_WARN_INFINITE_RECURSION = YES;
				CLANG_WARN_INT_CONVERSION = YES;
				CLANG_WARN_OBJC_ROOT_CLASS = YES_ERROR;
				CLANG_WARN_SUSPICIOUS_MOVES = YES;
				CLANG_WARN_UNREACHABLE_CODE = YES;
				CLANG_WARN__DUPLICATE_METHOD_MATCH = YES;
				"CODE_SIGN_IDENTITY[sdk=iphoneos*]" = "iPhone Developer";
				COPY_PHASE_STRIP = NO;
				DEBUG_INFORMATION_FORMAT = "dwarf-with-dsym";
				ENABLE_NS_ASSERTIONS = NO;
				ENABLE_STRICT_OBJC_MSGSEND = YES;
				GCC_C_LANGUAGE_STANDARD = gnu99;
				GCC_NO_COMMON_BLOCKS = YES;
				GCC_WARN_64_TO_32_BIT_CONVERSION = YES;
				GCC_WARN_ABOUT_RETURN_TYPE = YES_ERROR;
				GCC_WARN_UNDECLARED_SELECTOR = YES;
				GCC_WARN_UNINITIALIZED_AUTOS = YES_AGGRESSIVE;
				GCC_WARN_UNUSED_FUNCTION = YES;
				GCC_WARN_UNUSED_VARIABLE = YES;
				IPHONEOS_DEPLOYMENT_TARGET = 10.1;
				MTL_ENABLE_DEBUG_INFO = NO;
				SDKROOT = iphoneos;
				SWIFT_OPTIMIZATION_LEVEL = "-Owholemodule";
				TARGETED_DEVICE_FAMILY = "1,2";
				VALIDATE_PRODUCT = YES;
			};
			name = Release;
		};
		86329CD11DE0C8C80057FB21 /* Debug */ = {
			isa = XCBuildConfiguration;
			baseConfigurationReference = A4D5C74F3644A445A5266102 /* Pods-SomeCrazyStuff.debug.xcconfig */;
			buildSettings = {
				ASSETCATALOG_COMPILER_APPICON_NAME = AppIcon;
				DEVELOPMENT_TEAM = PGC62Z29HJ;
				FRAMEWORK_SEARCH_PATHS = (
					"$(inherited)",
					"$(PROJECT_DIR)/build/Debug-iphoneos/SwiftHTTP",
					"$(PROJECT_DIR)/build/Debug-iphoneos/Alamofire",
				);
				INFOPLIST_FILE = SomeCrazyStuff/Info.plist;
				LD_RUNPATH_SEARCH_PATHS = "$(inherited) @executable_path/Frameworks";
				PRODUCT_BUNDLE_IDENTIFIER = DiWang.SomeCrazyStuff;
				PRODUCT_NAME = "$(TARGET_NAME)";
				SWIFT_VERSION = 3.0;
			};
			name = Debug;
		};
		86329CD21DE0C8C80057FB21 /* Release */ = {
			isa = XCBuildConfiguration;
			baseConfigurationReference = 78EE4D4B8160979B43F2D352 /* Pods-SomeCrazyStuff.release.xcconfig */;
			buildSettings = {
				ASSETCATALOG_COMPILER_APPICON_NAME = AppIcon;
				DEVELOPMENT_TEAM = PGC62Z29HJ;
				FRAMEWORK_SEARCH_PATHS = (
					"$(inherited)",
					"$(PROJECT_DIR)/build/Debug-iphoneos/SwiftHTTP",
					"$(PROJECT_DIR)/build/Debug-iphoneos/Alamofire",
				);
				INFOPLIST_FILE = SomeCrazyStuff/Info.plist;
				LD_RUNPATH_SEARCH_PATHS = "$(inherited) @executable_path/Frameworks";
				PRODUCT_BUNDLE_IDENTIFIER = DiWang.SomeCrazyStuff;
				PRODUCT_NAME = "$(TARGET_NAME)";
				SWIFT_VERSION = 3.0;
			};
			name = Release;
		};
		86329CD41DE0C8C80057FB21 /* Debug */ = {
			isa = XCBuildConfiguration;
			baseConfigurationReference = 0032BA624C1808FD425019FB /* Pods-SomeCrazyStuffTests.debug.xcconfig */;
			buildSettings = {
				ALWAYS_EMBED_SWIFT_STANDARD_LIBRARIES = YES;
				BUNDLE_LOADER = "$(TEST_HOST)";
				DEVELOPMENT_TEAM = PGC62Z29HJ;
				INFOPLIST_FILE = SomeCrazyStuffTests/Info.plist;
				LD_RUNPATH_SEARCH_PATHS = "$(inherited) @executable_path/Frameworks @loader_path/Frameworks";
				PRODUCT_BUNDLE_IDENTIFIER = DiWang.SomeCrazyStuffTests;
				PRODUCT_NAME = "$(TARGET_NAME)";
				SWIFT_VERSION = 3.0;
				TEST_HOST = "$(BUILT_PRODUCTS_DIR)/SomeCrazyStuff.app/SomeCrazyStuff";
			};
			name = Debug;
		};
		86329CD51DE0C8C80057FB21 /* Release */ = {
			isa = XCBuildConfiguration;
			baseConfigurationReference = ED9DA5DC22A064CBB9812A06 /* Pods-SomeCrazyStuffTests.release.xcconfig */;
			buildSettings = {
				ALWAYS_EMBED_SWIFT_STANDARD_LIBRARIES = YES;
				BUNDLE_LOADER = "$(TEST_HOST)";
				DEVELOPMENT_TEAM = PGC62Z29HJ;
				INFOPLIST_FILE = SomeCrazyStuffTests/Info.plist;
				LD_RUNPATH_SEARCH_PATHS = "$(inherited) @executable_path/Frameworks @loader_path/Frameworks";
				PRODUCT_BUNDLE_IDENTIFIER = DiWang.SomeCrazyStuffTests;
				PRODUCT_NAME = "$(TARGET_NAME)";
				SWIFT_VERSION = 3.0;
				TEST_HOST = "$(BUILT_PRODUCTS_DIR)/SomeCrazyStuff.app/SomeCrazyStuff";
			};
			name = Release;
		};
		86329CD71DE0C8C80057FB21 /* Debug */ = {
			isa = XCBuildConfiguration;
			baseConfigurationReference = A57E36BE9E90A99B4F4E9E00 /* Pods-SomeCrazyStuffUITests.debug.xcconfig */;
			buildSettings = {
				ALWAYS_EMBED_SWIFT_STANDARD_LIBRARIES = YES;
				DEVELOPMENT_TEAM = PGC62Z29HJ;
				INFOPLIST_FILE = SomeCrazyStuffUITests/Info.plist;
				LD_RUNPATH_SEARCH_PATHS = "$(inherited) @executable_path/Frameworks @loader_path/Frameworks";
				PRODUCT_BUNDLE_IDENTIFIER = DiWang.SomeCrazyStuffUITests;
				PRODUCT_NAME = "$(TARGET_NAME)";
				SWIFT_VERSION = 3.0;
				TEST_TARGET_NAME = SomeCrazyStuff;
			};
			name = Debug;
		};
		86329CD81DE0C8C80057FB21 /* Release */ = {
			isa = XCBuildConfiguration;
			baseConfigurationReference = AAD1CF26FAC2418260D48A05 /* Pods-SomeCrazyStuffUITests.release.xcconfig */;
			buildSettings = {
				ALWAYS_EMBED_SWIFT_STANDARD_LIBRARIES = YES;
				DEVELOPMENT_TEAM = PGC62Z29HJ;
				INFOPLIST_FILE = SomeCrazyStuffUITests/Info.plist;
				LD_RUNPATH_SEARCH_PATHS = "$(inherited) @executable_path/Frameworks @loader_path/Frameworks";
				PRODUCT_BUNDLE_IDENTIFIER = DiWang.SomeCrazyStuffUITests;
				PRODUCT_NAME = "$(TARGET_NAME)";
				SWIFT_VERSION = 3.0;
				TEST_TARGET_NAME = SomeCrazyStuff;
			};
			name = Release;
		};
/* End XCBuildConfiguration section */

/* Begin XCConfigurationList section */
		86329CA31DE0C8C80057FB21 /* Build configuration list for PBXProject "SomeCrazyStuff" */ = {
			isa = XCConfigurationList;
			buildConfigurations = (
				86329CCE1DE0C8C80057FB21 /* Debug */,
				86329CCF1DE0C8C80057FB21 /* Release */,
			);
			defaultConfigurationIsVisible = 0;
			defaultConfigurationName = Release;
		};
		86329CD01DE0C8C80057FB21 /* Build configuration list for PBXNativeTarget "SomeCrazyStuff" */ = {
			isa = XCConfigurationList;
			buildConfigurations = (
				86329CD11DE0C8C80057FB21 /* Debug */,
				86329CD21DE0C8C80057FB21 /* Release */,
			);
			defaultConfigurationIsVisible = 0;
			defaultConfigurationName = Release;
		};
		86329CD31DE0C8C80057FB21 /* Build configuration list for PBXNativeTarget "SomeCrazyStuffTests" */ = {
			isa = XCConfigurationList;
			buildConfigurations = (
				86329CD41DE0C8C80057FB21 /* Debug */,
				86329CD51DE0C8C80057FB21 /* Release */,
			);
			defaultConfigurationIsVisible = 0;
			defaultConfigurationName = Release;
		};
		86329CD61DE0C8C80057FB21 /* Build configuration list for PBXNativeTarget "SomeCrazyStuffUITests" */ = {
			isa = XCConfigurationList;
			buildConfigurations = (
				86329CD71DE0C8C80057FB21 /* Debug */,
				86329CD81DE0C8C80057FB21 /* Release */,
			);
			defaultConfigurationIsVisible = 0;
			defaultConfigurationName = Release;
		};
/* End XCConfigurationList section */
	};
	rootObject = 86329CA01DE0C8C80057FB21 /* Project object */;
}
